// !$*UTF8*$!
{
	archiveVersion = 1;
	classes = {
	};
	objectVersion = 77;
	objects = {

/* Begin PBXBuildFile section */
		DA29DC5F91BC14850E624B26 /* Pods_imageApp.framework in Frameworks */ = {isa = PBXBuildFile; fileRef = 0C07A25E27297CBE9B3E139B /* Pods_imageApp.framework */; };
/* End PBXBuildFile section */

/* Begin PBXContainerItemProxy section */
		ED60820F2D9BA686003D7DC5 /* PBXContainerItemProxy */ = {
			isa = PBXContainerItemProxy;
			containerPortal = ED6081ED2D9BA684003D7DC5 /* Project object */;
			proxyType = 1;
			remoteGlobalIDString = ED6081F42D9BA684003D7DC5;
			remoteInfo = imageApp;
		};
		ED6082192D9BA686003D7DC5 /* PBXContainerItemProxy */ = {
			isa = PBXContainerItemProxy;
			containerPortal = ED6081ED2D9BA684003D7DC5 /* Project object */;
			proxyType = 1;
			remoteGlobalIDString = ED6081F42D9BA684003D7DC5;
			remoteInfo = imageApp;
		};
/* End PBXContainerItemProxy section */

/* Begin PBXFileReference section */
		05D1C4A624589BE71A8F4374 /* Pods-imageApp.debug.xcconfig */ = {isa = PBXFileReference; includeInIndex = 1; lastKnownFileType = text.xcconfig; name = "Pods-imageApp.debug.xcconfig"; path = "Target Support Files/Pods-imageApp/Pods-imageApp.debug.xcconfig"; sourceTree = "<group>"; };
		0C07A25E27297CBE9B3E139B /* Pods_imageApp.framework */ = {isa = PBXFileReference; explicitFileType = wrapper.framework; includeInIndex = 0; path = Pods_imageApp.framework; sourceTree = BUILT_PRODUCTS_DIR; };
		20D042BF9B19CFC7625B01F6 /* Pods-imageApp.release.xcconfig */ = {isa = PBXFileReference; includeInIndex = 1; lastKnownFileType = text.xcconfig; name = "Pods-imageApp.release.xcconfig"; path = "Target Support Files/Pods-imageApp/Pods-imageApp.release.xcconfig"; sourceTree = "<group>"; };
		ED6081F52D9BA684003D7DC5 /* imageApp.app */ = {isa = PBXFileReference; explicitFileType = wrapper.application; includeInIndex = 0; path = imageApp.app; sourceTree = BUILT_PRODUCTS_DIR; };
		ED60820E2D9BA686003D7DC5 /* imageAppTests.xctest */ = {isa = PBXFileReference; explicitFileType = wrapper.cfbundle; includeInIndex = 0; path = imageAppTests.xctest; sourceTree = BUILT_PRODUCTS_DIR; };
		ED6082182D9BA686003D7DC5 /* imageAppUITests.xctest */ = {isa = PBXFileReference; explicitFileType = wrapper.cfbundle; includeInIndex = 0; path = imageAppUITests.xctest; sourceTree = BUILT_PRODUCTS_DIR; };
/* End PBXFileReference section */

/* Begin PBXFileSystemSynchronizedBuildFileExceptionSet section */
		ED6082202D9BA686003D7DC5 /* Exceptions for "imageApp" folder in "imageApp" target */ = {
			isa = PBXFileSystemSynchronizedBuildFileExceptionSet;
			membershipExceptions = (
				Info.plist,
			);
			target = ED6081F42D9BA684003D7DC5 /* imageApp */;
		};
/* End PBXFileSystemSynchronizedBuildFileExceptionSet section */

/* Begin PBXFileSystemSynchronizedRootGroup section */
		ED6081F72D9BA684003D7DC5 /* imageApp */ = {
			isa = PBXFileSystemSynchronizedRootGroup;
			exceptions = (
				ED6082202D9BA686003D7DC5 /* Exceptions for "imageApp" folder in "imageApp" target */,
			);
			path = imageApp;
			sourceTree = "<group>";
		};
		ED6082112D9BA686003D7DC5 /* imageAppTests */ = {
			isa = PBXFileSystemSynchronizedRootGroup;
			exceptions = (
			);
			path = imageAppTests;
			sourceTree = "<group>";
		};
/* End PBXFileSystemSynchronizedRootGroup section */

/* Begin PBXFrameworksBuildPhase section */
		ED6081F22D9BA684003D7DC5 /* Frameworks */ = {
			isa = PBXFrameworksBuildPhase;
			buildActionMask = 2147483647;
			files = (
				DA29DC5F91BC14850E624B26 /* Pods_imageApp.framework in Frameworks */,
			);
			runOnlyForDeploymentPostprocessing = 0;
		};
		ED60820B2D9BA686003D7DC5 /* Frameworks */ = {
			isa = PBXFrameworksBuildPhase;
			buildActionMask = 2147483647;
			files = (
			);
			runOnlyForDeploymentPostprocessing = 0;
		};
		ED6082152D9BA686003D7DC5 /* Frameworks */ = {
			isa = PBXFrameworksBuildPhase;
			buildActionMask = 2147483647;
			files = (
			);
			runOnlyForDeploymentPostprocessing = 0;
		};
/* End PBXFrameworksBuildPhase section */

/* Begin PBXGroup section */
		4F36AA9BAC030702F09CF546 /* Pods */ = {
			isa = PBXGroup;
			children = (
				05D1C4A624589BE71A8F4374 /* Pods-imageApp.debug.xcconfig */,
				20D042BF9B19CFC7625B01F6 /* Pods-imageApp.release.xcconfig */,
			);
			name = Pods;
			path = Pods;
			sourceTree = "<group>";
		};
		ED6081EC2D9BA684003D7DC5 = {
			isa = PBXGroup;
			children = (
				ED6081F72D9BA684003D7DC5 /* imageApp */,
				ED6082112D9BA686003D7DC5 /* imageAppTests */,
				ED6081F62D9BA684003D7DC5 /* Products */,
				4F36AA9BAC030702F09CF546 /* Pods */,
				EFB6B4123B9A327CE3E41D68 /* Frameworks */,
			);
			sourceTree = "<group>";
		};
		ED6081F62D9BA684003D7DC5 /* Products */ = {
			isa = PBXGroup;
			children = (
				ED6081F52D9BA684003D7DC5 /* imageApp.app */,
				ED60820E2D9BA686003D7DC5 /* imageAppTests.xctest */,
				ED6082182D9BA686003D7DC5 /* imageAppUITests.xctest */,
			);
			name = Products;
			sourceTree = "<group>";
		};
		EFB6B4123B9A327CE3E41D68 /* Frameworks */ = {
			isa = PBXGroup;
			children = (
				0C07A25E27297CBE9B3E139B /* Pods_imageApp.framework */,
			);
			name = Frameworks;
			sourceTree = "<group>";
		};
/* End PBXGroup section */

/* Begin PBXNativeTarget section */
		ED6081F42D9BA684003D7DC5 /* imageApp */ = {
			isa = PBXNativeTarget;
			buildConfigurationList = ED6082212D9BA686003D7DC5 /* Build configuration list for PBXNativeTarget "imageApp" */;
			buildPhases = (
				F01E63FAE55C5E946A11723E /* [CP] Check Pods Manifest.lock */,
				ED6081F12D9BA684003D7DC5 /* Sources */,
				ED6081F22D9BA684003D7DC5 /* Frameworks */,
				ED6081F32D9BA684003D7DC5 /* Resources */,
				BB3D4725EFDC731E8CD88E0F /* [CP] Embed Pods Frameworks */,
			);
			buildRules = (
			);
			dependencies = (
			);
			fileSystemSynchronizedGroups = (
				ED6081F72D9BA684003D7DC5 /* imageApp */,
			);
			name = imageApp;
			productName = imageApp;
			productReference = ED6081F52D9BA684003D7DC5 /* imageApp.app */;
			productType = "com.apple.product-type.application";
		};
		ED60820D2D9BA686003D7DC5 /* imageAppTests */ = {
			isa = PBXNativeTarget;
			buildConfigurationList = ED6082262D9BA686003D7DC5 /* Build configuration list for PBXNativeTarget "imageAppTests" */;
			buildPhases = (
				ED60820A2D9BA686003D7DC5 /* Sources */,
				ED60820B2D9BA686003D7DC5 /* Frameworks */,
				ED60820C2D9BA686003D7DC5 /* Resources */,
			);
			buildRules = (
			);
			dependencies = (
				ED6082102D9BA686003D7DC5 /* PBXTargetDependency */,
			);
			fileSystemSynchronizedGroups = (
				ED6082112D9BA686003D7DC5 /* imageAppTests */,
			);
			name = imageAppTests;
			productName = imageAppTests;
			productReference = ED60820E2D9BA686003D7DC5 /* imageAppTests.xctest */;
			productType = "com.apple.product-type.bundle.unit-test";
		};
		ED6082172D9BA686003D7DC5 /* imageAppUITests */ = {
			isa = PBXNativeTarget;
			buildConfigurationList = ED6082292D9BA686003D7DC5 /* Build configuration list for PBXNativeTarget "imageAppUITests" */;
			buildPhases = (
				ED6082142D9BA686003D7DC5 /* Sources */,
				ED6082152D9BA686003D7DC5 /* Frameworks */,
				ED6082162D9BA686003D7DC5 /* Resources */,
			);
			buildRules = (
			);
			dependencies = (
				ED60821A2D9BA686003D7DC5 /* PBXTargetDependency */,
			);
			name = imageAppUITests;
			productName = imageAppUITests;
			productReference = ED6082182D9BA686003D7DC5 /* imageAppUITests.xctest */;
			productType = "com.apple.product-type.bundle.ui-testing";
		};
/* End PBXNativeTarget section */

/* Begin PBXProject section */
		ED6081ED2D9BA684003D7DC5 /* Project object */ = {
			isa = PBXProject;
			attributes = {
				BuildIndependentTargetsInParallel = 1;
				LastSwiftUpdateCheck = 1620;
				LastUpgradeCheck = 1620;
				TargetAttributes = {
					ED6081F42D9BA684003D7DC5 = {
						CreatedOnToolsVersion = 16.2;
					};
					ED60820D2D9BA686003D7DC5 = {
						CreatedOnToolsVersion = 16.2;
						TestTargetID = ED6081F42D9BA684003D7DC5;
					};
					ED6082172D9BA686003D7DC5 = {
						CreatedOnToolsVersion = 16.2;
						TestTargetID = ED6081F42D9BA684003D7DC5;
					};
				};
			};
			buildConfigurationList = ED6081F02D9BA684003D7DC5 /* Build configuration list for PBXProject "imageApp" */;
			developmentRegion = en;
			hasScannedForEncodings = 0;
			knownRegions = (
				en,
				Base,
			);
			mainGroup = ED6081EC2D9BA684003D7DC5;
			minimizedProjectReferenceProxies = 1;
			preferredProjectObjectVersion = 77;
			productRefGroup = ED6081F62D9BA684003D7DC5 /* Products */;
			projectDirPath = "";
			projectRoot = "";
			targets = (
				ED6081F42D9BA684003D7DC5 /* imageApp */,
				ED60820D2D9BA686003D7DC5 /* imageAppTests */,
				ED6082172D9BA686003D7DC5 /* imageAppUITests */,
			);
		};
/* End PBXProject section */

/* Begin PBXResourcesBuildPhase section */
		ED6081F32D9BA684003D7DC5 /* Resources */ = {
			isa = PBXResourcesBuildPhase;
			buildActionMask = 2147483647;
			files = (
			);
			runOnlyForDeploymentPostprocessing = 0;
		};
		ED60820C2D9BA686003D7DC5 /* Resources */ = {
			isa = PBXResourcesBuildPhase;
			buildActionMask = 2147483647;
			files = (
			);
			runOnlyForDeploymentPostprocessing = 0;
		};
		ED6082162D9BA686003D7DC5 /* Resources */ = {
			isa = PBXResourcesBuildPhase;
			buildActionMask = 2147483647;
			files = (
			);
			runOnlyForDeploymentPostprocessing = 0;
		};
/* End PBXResourcesBuildPhase section */

/* Begin PBXShellScriptBuildPhase section */
		BB3D4725EFDC731E8CD88E0F /* [CP] Embed Pods Frameworks */ = {
			isa = PBXShellScriptBuildPhase;
			buildActionMask = 2147483647;
			files = (
			);
			inputFileListPaths = (
				"${PODS_ROOT}/Target Support Files/Pods-imageApp/Pods-imageApp-frameworks-${CONFIGURATION}-input-files.xcfilelist",
			);
			name = "[CP] Embed Pods Frameworks";
			outputFileListPaths = (
				"${PODS_ROOT}/Target Support Files/Pods-imageApp/Pods-imageApp-frameworks-${CONFIGURATION}-output-files.xcfilelist",
			);
			runOnlyForDeploymentPostprocessing = 0;
			shellPath = /bin/sh;
			shellScript = "\"${PODS_ROOT}/Target Support Files/Pods-imageApp/Pods-imageApp-frameworks.sh\"\n";
			showEnvVarsInLog = 0;
		};
		F01E63FAE55C5E946A11723E /* [CP] Check Pods Manifest.lock */ = {
			isa = PBXShellScriptBuildPhase;
			buildActionMask = 2147483647;
			files = (
			);
			inputFileListPaths = (
			);
			inputPaths = (
				"${PODS_PODFILE_DIR_PATH}/Podfile.lock",
				"${PODS_ROOT}/Manifest.lock",
			);
			name = "[CP] Check Pods Manifest.lock";
			outputFileListPaths = (
			);
			outputPaths = (
				"$(DERIVED_FILE_DIR)/Pods-imageApp-checkManifestLockResult.txt",
			);
			runOnlyForDeploymentPostprocessing = 0;
			shellPath = /bin/sh;
			shellScript = "diff \"${PODS_PODFILE_DIR_PATH}/Podfile.lock\" \"${PODS_ROOT}/Manifest.lock\" > /dev/null\nif [ $? != 0 ] ; then\n    # print error to STDERR\n    echo \"error: The sandbox is not in sync with the Podfile.lock. Run 'pod install' or update your CocoaPods installation.\" >&2\n    exit 1\nfi\n# This output is used by Xcode 'outputs' to avoid re-running this script phase.\necho \"SUCCESS\" > \"${SCRIPT_OUTPUT_FILE_0}\"\n";
			showEnvVarsInLog = 0;
		};
/* End PBXShellScriptBuildPhase section */

/* Begin PBXSourcesBuildPhase section */
		ED6081F12D9BA684003D7DC5 /* Sources */ = {
			isa = PBXSourcesBuildPhase;
			buildActionMask = 2147483647;
			files = (
			);
			runOnlyForDeploymentPostprocessing = 0;
		};
		ED60820A2D9BA686003D7DC5 /* Sources */ = {
			isa = PBXSourcesBuildPhase;
			buildActionMask = 2147483647;
			files = (
			);
			runOnlyForDeploymentPostprocessing = 0;
		};
		ED6082142D9BA686003D7DC5 /* Sources */ = {
			isa = PBXSourcesBuildPhase;
			buildActionMask = 2147483647;
			files = (
			);
			runOnlyForDeploymentPostprocessing = 0;
		};
/* End PBXSourcesBuildPhase section */

/* Begin PBXTargetDependency section */
		ED6082102D9BA686003D7DC5 /* PBXTargetDependency */ = {
			isa = PBXTargetDependency;
			target = ED6081F42D9BA684003D7DC5 /* imageApp */;
			targetProxy = ED60820F2D9BA686003D7DC5 /* PBXContainerItemProxy */;
		};
		ED60821A2D9BA686003D7DC5 /* PBXTargetDependency */ = {
			isa = PBXTargetDependency;
			target = ED6081F42D9BA684003D7DC5 /* imageApp */;
			targetProxy = ED6082192D9BA686003D7DC5 /* PBXContainerItemProxy */;
		};
/* End PBXTargetDependency section */

/* Begin XCBuildConfiguration section */
		ED6082222D9BA686003D7DC5 /* Debug */ = {
			isa = XCBuildConfiguration;
			baseConfigurationReference = 05D1C4A624589BE71A8F4374 /* Pods-imageApp.debug.xcconfig */;
			buildSettings = {
				ASSETCATALOG_COMPILER_APPICON_NAME = AppIcon;
				ASSETCATALOG_COMPILER_GLOBAL_ACCENT_COLOR_NAME = AccentColor;
				CODE_SIGN_STYLE = Automatic;
				CURRENT_PROJECT_VERSION = 1;
				DEVELOPMENT_TEAM = Y6VX64W3KZ;
				GENERATE_INFOPLIST_FILE = YES;
				INFOPLIST_FILE = imageApp/Info.plist;
				INFOPLIST_KEY_UIApplicationSupportsIndirectInputEvents = YES;
				INFOPLIST_KEY_UILaunchStoryboardName = LaunchScreen;
				INFOPLIST_KEY_UISupportedInterfaceOrientations = UIInterfaceOrientationPortrait;
				INFOPLIST_KEY_UISupportedInterfaceOrientations_iPad = "UIInterfaceOrientationLandscapeLeft UIInterfaceOrientationLandscapeRight UIInterfaceOrientationPortrait UIInterfaceOrientationPortraitUpsideDown";
				IPHONEOS_DEPLOYMENT_TARGET = 15.6;
				LD_RUNPATH_SEARCH_PATHS = (
					"$(inherited)",
					"@executable_path/Frameworks",
				);
				MARKETING_VERSION = 1.0;
				PRODUCT_BUNDLE_IDENTIFIER = ZhMks.imageApp;
				PRODUCT_NAME = "$(TARGET_NAME)";
				SUPPORTED_PLATFORMS = "iphoneos iphonesimulator";
				SUPPORTS_MACCATALYST = NO;
				SUPPORTS_MAC_DESIGNED_FOR_IPHONE_IPAD = NO;
				SUPPORTS_XR_DESIGNED_FOR_IPHONE_IPAD = NO;
				SWIFT_EMIT_LOC_STRINGS = YES;
				SWIFT_VERSION = 5.0;
				TARGETED_DEVICE_FAMILY = 1;
			};
			name = Debug;
		};
		ED6082232D9BA686003D7DC5 /* Release */ = {
			isa = XCBuildConfiguration;
			baseConfigurationReference = 20D042BF9B19CFC7625B01F6 /* Pods-imageApp.release.xcconfig */;
			buildSettings = {
				ASSETCATALOG_COMPILER_APPICON_NAME = AppIcon;
				ASSETCATALOG_COMPILER_GLOBAL_ACCENT_COLOR_NAME = AccentColor;
				CODE_SIGN_STYLE = Automatic;
				CURRENT_PROJECT_VERSION = 1;
				DEVELOPMENT_TEAM = Y6VX64W3KZ;
				GENERATE_INFOPLIST_FILE = YES;
				INFOPLIST_FILE = imageApp/Info.plist;
				INFOPLIST_KEY_UIApplicationSupportsIndirectInputEvents = YES;
				INFOPLIST_KEY_UILaunchStoryboardName = LaunchScreen;
				INFOPLIST_KEY_UISupportedInterfaceOrientations = UIInterfaceOrientationPortrait;
				INFOPLIST_KEY_UISupportedInterfaceOrientations_iPad = "UIInterfaceOrientationLandscapeLeft UIInterfaceOrientationLandscapeRight UIInterfaceOrientationPortrait UIInterfaceOrientationPortraitUpsideDown";
				IPHONEOS_DEPLOYMENT_TARGET = 15.6;
				LD_RUNPATH_SEARCH_PATHS = (
					"$(inherited)",
					"@executable_path/Frameworks",
				);
				MARKETING_VERSION = 1.0;
				PRODUCT_BUNDLE_IDENTIFIER = ZhMks.imageApp;
				PRODUCT_NAME = "$(TARGET_NAME)";
				SUPPORTED_PLATFORMS = "iphoneos iphonesimulator";
				SUPPORTS_MACCATALYST = NO;
				SUPPORTS_MAC_DESIGNED_FOR_IPHONE_IPAD = NO;
				SUPPORTS_XR_DESIGNED_FOR_IPHONE_IPAD = NO;
				SWIFT_EMIT_LOC_STRINGS = YES;
				SWIFT_VERSION = 5.0;
				TARGETED_DEVICE_FAMILY = 1;
			};
			name = Release;
		};
		ED6082242D9BA686003D7DC5 /* Debug */ = {
			isa = XCBuildConfiguration;
			buildSettings = {
				ALWAYS_SEARCH_USER_PATHS = NO;
				ASSETCATALOG_COMPILER_GENERATE_SWIFT_ASSET_SYMBOL_EXTENSIONS = YES;
				CLANG_ANALYZER_NONNULL = YES;
				CLANG_ANALYZER_NUMBER_OBJECT_CONVERSION = YES_AGGRESSIVE;
				CLANG_CXX_LANGUAGE_STANDARD = "gnu++20";
				CLANG_ENABLE_MODULES = YES;
				CLANG_ENABLE_OBJC_ARC = YES;
				CLANG_ENABLE_OBJC_WEAK = YES;
				CLANG_WARN_BLOCK_CAPTURE_AUTORELEASING = YES;
				CLANG_WARN_BOOL_CONVERSION = YES;
				CLANG_WARN_COMMA = YES;
				CLANG_WARN_CONSTANT_CONVERSION = YES;
				CLANG_WARN_DEPRECATED_OBJC_IMPLEMENTATIONS = YES;
				CLANG_WARN_DIRECT_OBJC_ISA_USAGE = YES_ERROR;
				CLANG_WARN_DOCUMENTATION_COMMENTS = YES;
				CLANG_WARN_EMPTY_BODY = YES;
				CLANG_WARN_ENUM_CONVERSION = YES;
				CLANG_WARN_INFINITE_RECURSION = YES;
				CLANG_WARN_INT_CONVERSION = YES;
				CLANG_WARN_NON_LITERAL_NULL_CONVERSION = YES;
				CLANG_WARN_OBJC_IMPLICIT_RETAIN_SELF = YES;
				CLANG_WARN_OBJC_LITERAL_CONVERSION = YES;
				CLANG_WARN_OBJC_ROOT_CLASS = YES_ERROR;
				CLANG_WARN_QUOTED_INCLUDE_IN_FRAMEWORK_HEADER = YES;
				CLANG_WARN_RANGE_LOOP_ANALYSIS = YES;
				CLANG_WARN_STRICT_PROTOTYPES = YES;
				CLANG_WARN_SUSPICIOUS_MOVE = YES;
				CLANG_WARN_UNGUARDED_AVAILABILITY = YES_AGGRESSIVE;
				CLANG_WARN_UNREACHABLE_CODE = YES;
				CLANG_WARN__DUPLICATE_METHOD_MATCH = YES;
				COPY_PHASE_STRIP = NO;
				DEBUG_INFORMATION_FORMAT = dwarf;
				ENABLE_STRICT_OBJC_MSGSEND = YES;
				ENABLE_TESTABILITY = YES;
				ENABLE_USER_SCRIPT_SANDBOXING = YES;
				GCC_C_LANGUAGE_STANDARD = gnu17;
				GCC_DYNAMIC_NO_PIC = NO;
				GCC_NO_COMMON_BLOCKS = YES;
				GCC_OPTIMIZATION_LEVEL = 0;
				GCC_PREPROCESSOR_DEFINITIONS = (
					"DEBUG=1",
					"$(inherited)",
				);
				GCC_WARN_64_TO_32_BIT_CONVERSION = YES;
				GCC_WARN_ABOUT_RETURN_TYPE = YES_ERROR;
				GCC_WARN_UNDECLARED_SELECTOR = YES;
				GCC_WARN_UNINITIALIZED_AUTOS = YES_AGGRESSIVE;
				GCC_WARN_UNUSED_FUNCTION = YES;
				GCC_WARN_UNUSED_VARIABLE = YES;
				IPHONEOS_DEPLOYMENT_TARGET = 15.6;
				LOCALIZATION_PREFERS_STRING_CATALOGS = YES;
				MTL_ENABLE_DEBUG_INFO = INCLUDE_SOURCE;
				MTL_FAST_MATH = YES;
				ONLY_ACTIVE_ARCH = YES;
				SDKROOT = iphoneos;
				SWIFT_ACTIVE_COMPILATION_CONDITIONS = "DEBUG $(inherited)";
				SWIFT_OPTIMIZATION_LEVEL = "-Onone";
			};
			name = Debug;
		};
		ED6082252D9BA686003D7DC5 /* Release */ = {
			isa = XCBuildConfiguration;
			buildSettings = {
				ALWAYS_SEARCH_USER_PATHS = NO;
				ASSETCATALOG_COMPILER_GENERATE_SWIFT_ASSET_SYMBOL_EXTENSIONS = YES;
				CLANG_ANALYZER_NONNULL = YES;
				CLANG_ANALYZER_NUMBER_OBJECT_CONVERSION = YES_AGGRESSIVE;
				CLANG_CXX_LANGUAGE_STANDARD = "gnu++20";
				CLANG_ENABLE_MODULES = YES;
				CLANG_ENABLE_OBJC_ARC = YES;
				CLANG_ENABLE_OBJC_WEAK = YES;
				CLANG_WARN_BLOCK_CAPTURE_AUTORELEASING = YES;
				CLANG_WARN_BOOL_CONVERSION = YES;
				CLANG_WARN_COMMA = YES;
				CLANG_WARN_CONSTANT_CONVERSION = YES;
				CLANG_WARN_DEPRECATED_OBJC_IMPLEMENTATIONS = YES;
				CLANG_WARN_DIRECT_OBJC_ISA_USAGE = YES_ERROR;
				CLANG_WARN_DOCUMENTATION_COMMENTS = YES;
				CLANG_WARN_EMPTY_BODY = YES;
				CLANG_WARN_ENUM_CONVERSION = YES;
				CLANG_WARN_INFINITE_RECURSION = YES;
				CLANG_WARN_INT_CONVERSION = YES;
				CLANG_WARN_NON_LITERAL_NULL_CONVERSION = YES;
				CLANG_WARN_OBJC_IMPLICIT_RETAIN_SELF = YES;
				CLANG_WARN_OBJC_LITERAL_CONVERSION = YES;
				CLANG_WARN_OBJC_ROOT_CLASS = YES_ERROR;
				CLANG_WARN_QUOTED_INCLUDE_IN_FRAMEWORK_HEADER = YES;
				CLANG_WARN_RANGE_LOOP_ANALYSIS = YES;
				CLANG_WARN_STRICT_PROTOTYPES = YES;
				CLANG_WARN_SUSPICIOUS_MOVE = YES;
				CLANG_WARN_UNGUARDED_AVAILABILITY = YES_AGGRESSIVE;
				CLANG_WARN_UNREACHABLE_CODE = YES;
				CLANG_WARN__DUPLICATE_METHOD_MATCH = YES;
				COPY_PHASE_STRIP = NO;
				DEBUG_INFORMATION_FORMAT = "dwarf-with-dsym";
				ENABLE_NS_ASSERTIONS = NO;
				ENABLE_STRICT_OBJC_MSGSEND = YES;
				ENABLE_USER_SCRIPT_SANDBOXING = YES;
				GCC_C_LANGUAGE_STANDARD = gnu17;
				GCC_NO_COMMON_BLOCKS = YES;
				GCC_WARN_64_TO_32_BIT_CONVERSION = YES;
				GCC_WARN_ABOUT_RETURN_TYPE = YES_ERROR;
				GCC_WARN_UNDECLARED_SELECTOR = YES;
				GCC_WARN_UNINITIALIZED_AUTOS = YES_AGGRESSIVE;
				GCC_WARN_UNUSED_FUNCTION = YES;
				GCC_WARN_UNUSED_VARIABLE = YES;
				IPHONEOS_DEPLOYMENT_TARGET = 15.6;
				LOCALIZATION_PREFERS_STRING_CATALOGS = YES;
				MTL_ENABLE_DEBUG_INFO = NO;
				MTL_FAST_MATH = YES;
				SDKROOT = iphoneos;
				SWIFT_COMPILATION_MODE = wholemodule;
				VALIDATE_PRODUCT = YES;
			};
			name = Release;
		};
		ED6082272D9BA686003D7DC5 /* Debug */ = {
			isa = XCBuildConfiguration;
			buildSettings = {
				BUNDLE_LOADER = "$(TEST_HOST)";
				CODE_SIGN_STYLE = Automatic;
				CURRENT_PROJECT_VERSION = 1;
				DEVELOPMENT_TEAM = Y6VX64W3KZ;
				GENERATE_INFOPLIST_FILE = YES;
				IPHONEOS_DEPLOYMENT_TARGET = 18.2;
				MARKETING_VERSION = 1.0;
				PRODUCT_BUNDLE_IDENTIFIER = ZhMks.imageAppTests;
				PRODUCT_NAME = "$(TARGET_NAME)";
				SWIFT_EMIT_LOC_STRINGS = NO;
				SWIFT_VERSION = 5.0;
				TARGETED_DEVICE_FAMILY = "1,2";
				TEST_HOST = "$(BUILT_PRODUCTS_DIR)/imageApp.app/$(BUNDLE_EXECUTABLE_FOLDER_PATH)/imageApp";
			};
			name = Debug;
		};
		ED6082282D9BA686003D7DC5 /* Release */ = {
			isa = XCBuildConfiguration;
			buildSettings = {
				BUNDLE_LOADER = "$(TEST_HOST)";
				CODE_SIGN_STYLE = Automatic;
				CURRENT_PROJECT_VERSION = 1;
				DEVELOPMENT_TEAM = Y6VX64W3KZ;
				GENERATE_INFOPLIST_FILE = YES;
				IPHONEOS_DEPLOYMENT_TARGET = 18.2;
				MARKETING_VERSION = 1.0;
				PRODUCT_BUNDLE_IDENTIFIER = ZhMks.imageAppTests;
				PRODUCT_NAME = "$(TARGET_NAME)";
				SWIFT_EMIT_LOC_STRINGS = NO;
				SWIFT_VERSION = 5.0;
				TARGETED_DEVICE_FAMILY = "1,2";
				TEST_HOST = "$(BUILT_PRODUCTS_DIR)/imageApp.app/$(BUNDLE_EXECUTABLE_FOLDER_PATH)/imageApp";
			};
			name = Release;
		};
		ED60822A2D9BA686003D7DC5 /* Debug */ = {
			isa = XCBuildConfiguration;
			buildSettings = {
				CODE_SIGN_STYLE = Automatic;
				CURRENT_PROJECT_VERSION = 1;
				DEVELOPMENT_TEAM = Y6VX64W3KZ;
				GENERATE_INFOPLIST_FILE = YES;
				MARKETING_VERSION = 1.0;
				PRODUCT_BUNDLE_IDENTIFIER = ZhMks.imageAppUITests;
				PRODUCT_NAME = "$(TARGET_NAME)";
				SWIFT_EMIT_LOC_STRINGS = NO;
				SWIFT_VERSION = 5.0;
				TARGETED_DEVICE_FAMILY = "1,2";
				TEST_TARGET_NAME = imageApp;
			};
			name = Debug;
		};
		ED60822B2D9BA686003D7DC5 /* Release */ = {
			isa = XCBuildConfiguration;
			buildSettings = {
				CODE_SIGN_STYLE = Automatic;
				CURRENT_PROJECT_VERSION = 1;
				DEVELOPMENT_TEAM = Y6VX64W3KZ;
				GENERATE_INFOPLIST_FILE = YES;
				MARKETING_VERSION = 1.0;
				PRODUCT_BUNDLE_IDENTIFIER = ZhMks.imageAppUITests;
				PRODUCT_NAME = "$(TARGET_NAME)";
				SWIFT_EMIT_LOC_STRINGS = NO;
				SWIFT_VERSION = 5.0;
				TARGETED_DEVICE_FAMILY = "1,2";
				TEST_TARGET_NAME = imageApp;
			};
			name = Release;
		};
/* End XCBuildConfiguration section */

/* Begin XCConfigurationList section */
		ED6081F02D9BA684003D7DC5 /* Build configuration list for PBXProject "imageApp" */ = {
			isa = XCConfigurationList;
			buildConfigurations = (
				ED6082242D9BA686003D7DC5 /* Debug */,
				ED6082252D9BA686003D7DC5 /* Release */,
			);
			defaultConfigurationIsVisible = 0;
			defaultConfigurationName = Release;
		};
		ED6082212D9BA686003D7DC5 /* Build configuration list for PBXNativeTarget "imageApp" */ = {
			isa = XCConfigurationList;
			buildConfigurations = (
				ED6082222D9BA686003D7DC5 /* Debug */,
				ED6082232D9BA686003D7DC5 /* Release */,
			);
			defaultConfigurationIsVisible = 0;
			defaultConfigurationName = Release;
		};
		ED6082262D9BA686003D7DC5 /* Build configuration list for PBXNativeTarget "imageAppTests" */ = {
			isa = XCConfigurationList;
			buildConfigurations = (
				ED6082272D9BA686003D7DC5 /* Debug */,
				ED6082282D9BA686003D7DC5 /* Release */,
			);
			defaultConfigurationIsVisible = 0;
			defaultConfigurationName = Release;
		};
		ED6082292D9BA686003D7DC5 /* Build configuration list for PBXNativeTarget "imageAppUITests" */ = {
			isa = XCConfigurationList;
			buildConfigurations = (
				ED60822A2D9BA686003D7DC5 /* Debug */,
				ED60822B2D9BA686003D7DC5 /* Release */,
			);
			defaultConfigurationIsVisible = 0;
			defaultConfigurationName = Release;
		};
/* End XCConfigurationList section */
	};
	rootObject = ED6081ED2D9BA684003D7DC5 /* Project object */;
}
